
Microsoft Visual Studio Solution File, Format Version 12.00
# Visual Studio 14
VisualStudioVersion = 14.0.25420.1
MinimumVisualStudioVersion = 10.0.40219.1
Project("{8BB2217D-0F2D-49D1-97BC-3654ED321F3B}") = "SceneSkope.ServiceFabric.Utilities", "src\SceneSkope.ServiceFabric.Utilities\SceneSkope.ServiceFabric.Utilities.xproj", "{F5DF2BB3-3A7C-4CE6-A4B6-02DCDF6615AB}"
EndProject
Project("{8BB2217D-0F2D-49D1-97BC-3654ED321F3B}") = "SceneSkope.ServiceFabric.Seq", "src\SceneSkope.ServiceFabric.Seq\SceneSkope.ServiceFabric.Seq.xproj", "{248D44A9-D695-4679-8365-20528B94A139}"
EndProject
Project("{8BB2217D-0F2D-49D1-97BC-3654ED321F3B}") = "SceneSkope.ServiceFabric.Actors.Seq", "src\SceneSkope.ServiceFabric.Actors.Seq\SceneSkope.ServiceFabric.Actors.Seq.xproj", "{09BD5DB7-2EC9-4915-8DB8-EA4A20CAE73E}"
EndProject
Project("{8BB2217D-0F2D-49D1-97BC-3654ED321F3B}") = "SceneSkope.ServiceFabric.Actors.Utilities", "src\SceneSkope.ServiceFabric.Actors.Utilities\SceneSkope.ServiceFabric.Actors.Utilities.xproj", "{A702E05B-A070-42C9-B257-B6764EDA1758}"
EndProject
Project("{2150E333-8FDC-42A3-9474-1A3956D46DE8}") = "src", "src", "{6EB97861-65C9-4685-93CC-5E2350DB072C}"
EndProject
Project("{2150E333-8FDC-42A3-9474-1A3956D46DE8}") = "Solution Items", "Solution Items", "{7A092782-4F45-4A3E-A829-64097B9349E6}"
	ProjectSection(SolutionItems) = preProject
		build.ps1 = build.ps1
		global.json = global.json
		nuget.config = nuget.config
		README.md = README.md
	EndProjectSection
EndProject
Project("{2150E333-8FDC-42A3-9474-1A3956D46DE8}") = "test", "test", "{F4BDEA28-B4EC-46C8-B500-231742F03DE1}"
EndProject
Project("{8BB2217D-0F2D-49D1-97BC-3654ED321F3B}") = "SceneSkope.ServiceFabric.Tests", "test\SceneSkope.ServiceFabric.Tests\SceneSkope.ServiceFabric.Tests.xproj", "{0DC53354-0694-40F8-86D8-26E581E3EBF6}"
EndProject
Global
	GlobalSection(SolutionConfigurationPlatforms) = preSolution
		Debug|Any CPU = Debug|Any CPU
		Release|Any CPU = Release|Any CPU
	EndGlobalSection
	GlobalSection(ProjectConfigurationPlatforms) = postSolution
		{F5DF2BB3-3A7C-4CE6-A4B6-02DCDF6615AB}.Debug|Any CPU.ActiveCfg = Debug|Any CPU
		{F5DF2BB3-3A7C-4CE6-A4B6-02DCDF6615AB}.Debug|Any CPU.Build.0 = Debug|Any CPU
		{F5DF2BB3-3A7C-4CE6-A4B6-02DCDF6615AB}.Release|Any CPU.ActiveCfg = Release|Any CPU
		{F5DF2BB3-3A7C-4CE6-A4B6-02DCDF6615AB}.Release|Any CPU.Build.0 = Release|Any CPU
		{248D44A9-D695-4679-8365-20528B94A139}.Debug|Any CPU.ActiveCfg = Debug|Any CPU
		{248D44A9-D695-4679-8365-20528B94A139}.Debug|Any CPU.Build.0 = Debug|Any CPU
		{248D44A9-D695-4679-8365-20528B94A139}.Release|Any CPU.ActiveCfg = Release|Any CPU
		{248D44A9-D695-4679-8365-20528B94A139}.Release|Any CPU.Build.0 = Release|Any CPU
		{09BD5DB7-2EC9-4915-8DB8-EA4A20CAE73E}.Debug|Any CPU.ActiveCfg = Debug|Any CPU
		{09BD5DB7-2EC9-4915-8DB8-EA4A20CAE73E}.Debug|Any CPU.Build.0 = Debug|Any CPU
		{09BD5DB7-2EC9-4915-8DB8-EA4A20CAE73E}.Release|Any CPU.ActiveCfg = Release|Any CPU
		{09BD5DB7-2EC9-4915-8DB8-EA4A20CAE73E}.Release|Any CPU.Build.0 = Release|Any CPU
		{A702E05B-A070-42C9-B257-B6764EDA1758}.Debug|Any CPU.ActiveCfg = Debug|Any CPU
		{A702E05B-A070-42C9-B257-B6764EDA1758}.Debug|Any CPU.Build.0 = Debug|Any CPU
		{A702E05B-A070-42C9-B257-B6764EDA1758}.Release|Any CPU.ActiveCfg = Release|Any CPU
		{A702E05B-A070-42C9-B257-B6764EDA1758}.Release|Any CPU.Build.0 = Release|Any CPU
		{0DC53354-0694-40F8-86D8-26E581E3EBF6}.Debug|Any CPU.ActiveCfg = Debug|Any CPU
		{0DC53354-0694-40F8-86D8-26E581E3EBF6}.Debug|Any CPU.Build.0 = Debug|Any CPU
		{0DC53354-0694-40F8-86D8-26E581E3EBF6}.Release|Any CPU.ActiveCfg = Release|Any CPU
		{0DC53354-0694-40F8-86D8-26E581E3EBF6}.Release|Any CPU.Build.0 = Release|Any CPU
	EndGlobalSection
	GlobalSection(SolutionProperties) = preSolution
		HideSolutionNode = FALSE
	EndGlobalSection
	GlobalSection(NestedProjects) = preSolution
		{F5DF2BB3-3A7C-4CE6-A4B6-02DCDF6615AB} = {6EB97861-65C9-4685-93CC-5E2350DB072C}
		{248D44A9-D695-4679-8365-20528B94A139} = {6EB97861-65C9-4685-93CC-5E2350DB072C}
		{09BD5DB7-2EC9-4915-8DB8-EA4A20CAE73E} = {6EB97861-65C9-4685-93CC-5E2350DB072C}
		{A702E05B-A070-42C9-B257-B6764EDA1758} = {6EB97861-65C9-4685-93CC-5E2350DB072C}
		{0DC53354-0694-40F8-86D8-26E581E3EBF6} = {F4BDEA28-B4EC-46C8-B500-231742F03DE1}
	EndGlobalSection
EndGlobal
